
Microsoft Visual Studio Solution File, Format Version 12.00
# Visual Studio Version 16
VisualStudioVersion = 16.0.29306.81
MinimumVisualStudioVersion = 10.0.40219.1
Project("{FAE04EC0-301F-11D3-BF4B-00C04F79EFBC}") = "FinalProject", "FinalProject\FinalProject.csproj", "{028229BC-BAAC-46EB-B0BF-157C69DDB717}"
EndProject
Project("{FAE04EC0-301F-11D3-BF4B-00C04F79EFBC}") = "DataBaseProject", "DataBaseProject\DataBaseProject.csproj", "{7C7C2035-DBC0-4526-ABD6-565FA7ED442C}"
EndProject
Global
	GlobalSection(SolutionConfigurationPlatforms) = preSolution
		Debug|Any CPU = Debug|Any CPU
		Debug|ARM = Debug|ARM
		Debug|ARM64 = Debug|ARM64
		Debug|x64 = Debug|x64
		Debug|x86 = Debug|x86
		Release|Any CPU = Release|Any CPU
		Release|ARM = Release|ARM
		Release|ARM64 = Release|ARM64
		Release|x64 = Release|x64
		Release|x86 = Release|x86
	EndGlobalSection
	GlobalSection(ProjectConfigurationPlatforms) = postSolution
		{028229BC-BAAC-46EB-B0BF-157C69DDB717}.Debug|Any CPU.ActiveCfg = Debug|x86
		{028229BC-BAAC-46EB-B0BF-157C69DDB717}.Debug|ARM.ActiveCfg = Debug|ARM
		{028229BC-BAAC-46EB-B0BF-157C69DDB717}.Debug|ARM.Build.0 = Debug|ARM
		{028229BC-BAAC-46EB-B0BF-157C69DDB717}.Debug|ARM.Deploy.0 = Debug|ARM
		{028229BC-BAAC-46EB-B0BF-157C69DDB717}.Debug|ARM64.ActiveCfg = Debug|ARM64
		{028229BC-BAAC-46EB-B0BF-157C69DDB717}.Debug|ARM64.Build.0 = Debug|ARM64
		{028229BC-BAAC-46EB-B0BF-157C69DDB717}.Debug|ARM64.Deploy.0 = Debug|ARM64
		{028229BC-BAAC-46EB-B0BF-157C69DDB717}.Debug|x64.ActiveCfg = Debug|x64
		{028229BC-BAAC-46EB-B0BF-157C69DDB717}.Debug|x64.Build.0 = Debug|x64
		{028229BC-BAAC-46EB-B0BF-157C69DDB717}.Debug|x64.Deploy.0 = Debug|x64
		{028229BC-BAAC-46EB-B0BF-157C69DDB717}.Debug|x86.ActiveCfg = Debug|x86
		{028229BC-BAAC-46EB-B0BF-157C69DDB717}.Debug|x86.Build.0 = Debug|x86
		{028229BC-BAAC-46EB-B0BF-157C69DDB717}.Debug|x86.Deploy.0 = Debug|x86
		{028229BC-BAAC-46EB-B0BF-157C69DDB717}.Release|Any CPU.ActiveCfg = Release|x86
		{028229BC-BAAC-46EB-B0BF-157C69DDB717}.Release|ARM.ActiveCfg = Release|ARM
		{028229BC-BAAC-46EB-B0BF-157C69DDB717}.Release|ARM.Build.0 = Release|ARM
		{028229BC-BAAC-46EB-B0BF-157C69DDB717}.Release|ARM.Deploy.0 = Release|ARM
		{028229BC-BAAC-46EB-B0BF-157C69DDB717}.Release|ARM64.ActiveCfg = Release|ARM64
		{028229BC-BAAC-46EB-B0BF-157C69DDB717}.Release|ARM64.Build.0 = Release|ARM64
		{028229BC-BAAC-46EB-B0BF-157C69DDB717}.Release|ARM64.Deploy.0 = Release|ARM64
		{028229BC-BAAC-46EB-B0BF-157C69DDB717}.Release|x64.ActiveCfg = Release|x64
		{028229BC-BAAC-46EB-B0BF-157C69DDB717}.Release|x64.Build.0 = Release|x64
		{028229BC-BAAC-46EB-B0BF-157C69DDB717}.Release|x64.Deploy.0 = Release|x64
		{028229BC-BAAC-46EB-B0BF-157C69DDB717}.Release|x86.ActiveCfg = Release|x86
		{028229BC-BAAC-46EB-B0BF-157C69DDB717}.Release|x86.Build.0 = Release|x86
		{028229BC-BAAC-46EB-B0BF-157C69DDB717}.Release|x86.Deploy.0 = Release|x86
		{7C7C2035-DBC0-4526-ABD6-565FA7ED442C}.Debug|Any CPU.ActiveCfg = Debug|Any CPU
		{7C7C2035-DBC0-4526-ABD6-565FA7ED442C}.Debug|Any CPU.Build.0 = Debug|Any CPU
		{7C7C2035-DBC0-4526-ABD6-565FA7ED442C}.Debug|ARM.ActiveCfg = Debug|ARM
		{7C7C2035-DBC0-4526-ABD6-565FA7ED442C}.Debug|ARM.Build.0 = Debug|ARM
		{7C7C2035-DBC0-4526-ABD6-565FA7ED442C}.Debug|ARM64.ActiveCfg = Debug|ARM64
		{7C7C2035-DBC0-4526-ABD6-565FA7ED442C}.Debug|ARM64.Build.0 = Debug|ARM64
		{7C7C2035-DBC0-4526-ABD6-565FA7ED442C}.Debug|x64.ActiveCfg = Debug|x64
		{7C7C2035-DBC0-4526-ABD6-565FA7ED442C}.Debug|x64.Build.0 = Debug|x64
		{7C7C2035-DBC0-4526-ABD6-565FA7ED442C}.Debug|x86.ActiveCfg = Debug|x86
		{7C7C2035-DBC0-4526-ABD6-565FA7ED442C}.Debug|x86.Build.0 = Debug|x86
		{7C7C2035-DBC0-4526-ABD6-565FA7ED442C}.Release|Any CPU.ActiveCfg = Release|Any CPU
		{7C7C2035-DBC0-4526-ABD6-565FA7ED442C}.Release|Any CPU.Build.0 = Release|Any CPU
		{7C7C2035-DBC0-4526-ABD6-565FA7ED442C}.Release|ARM.ActiveCfg = Release|ARM
		{7C7C2035-DBC0-4526-ABD6-565FA7ED442C}.Release|ARM.Build.0 = Release|ARM
		{7C7C2035-DBC0-4526-ABD6-565FA7ED442C}.Release|ARM64.ActiveCfg = Release|ARM64
		{7C7C2035-DBC0-4526-ABD6-565FA7ED442C}.Release|ARM64.Build.0 = Release|ARM64
		{7C7C2035-DBC0-4526-ABD6-565FA7ED442C}.Release|x64.ActiveCfg = Release|x64
		{7C7C2035-DBC0-4526-ABD6-565FA7ED442C}.Release|x64.Build.0 = Release|x64
		{7C7C2035-DBC0-4526-ABD6-565FA7ED442C}.Release|x86.ActiveCfg = Release|x86
		{7C7C2035-DBC0-4526-ABD6-565FA7ED442C}.Release|x86.Build.0 = Release|x86
	EndGlobalSection
	GlobalSection(SolutionProperties) = preSolution
		HideSolutionNode = FALSE
	EndGlobalSection
	GlobalSection(ExtensibilityGlobals) = postSolution
		SolutionGuid = {28BB6959-8137-45EE-B4D7-1A6BDE53EB8E}
	EndGlobalSection
EndGlobal
